// !$*UTF8*$!
{
	archiveVersion = 1;
	classes = {
	};
	objectVersion = 48;
	objects = {

/* Begin PBXBuildFile section */
		91456FC71FF3593200F4663A /* AppDelegate.swift in Sources */ = {isa = PBXBuildFile; fileRef = 91456FC61FF3593200F4663A /* AppDelegate.swift */; };
		91456FC91FF3593200F4663A /* ViewController.swift in Sources */ = {isa = PBXBuildFile; fileRef = 91456FC81FF3593200F4663A /* ViewController.swift */; };
		91456FCC1FF3593200F4663A /* Main.storyboard in Resources */ = {isa = PBXBuildFile; fileRef = 91456FCA1FF3593200F4663A /* Main.storyboard */; };
		91456FCE1FF3593200F4663A /* Assets.xcassets in Resources */ = {isa = PBXBuildFile; fileRef = 91456FCD1FF3593200F4663A /* Assets.xcassets */; };
		91456FD11FF3593200F4663A /* LaunchScreen.storyboard in Resources */ = {isa = PBXBuildFile; fileRef = 91456FCF1FF3593200F4663A /* LaunchScreen.storyboard */; };
		91456FDB1FF3629D00F4663A /* MovieService.swift in Sources */ = {isa = PBXBuildFile; fileRef = 91456FDA1FF3629D00F4663A /* MovieService.swift */; };
		91456FE71FF3652200F4663A /* Movie.swift in Sources */ = {isa = PBXBuildFile; fileRef = 91456FE61FF3652200F4663A /* Movie.swift */; };
		91456FEA1FF3731500F4663A /* common.js in Resources */ = {isa = PBXBuildFile; fileRef = 91456FE81FF36ADA00F4663A /* common.js */; };
		91CAC20C1FF3832D00E381AB /* MovieCell.swift in Sources */ = {isa = PBXBuildFile; fileRef = 91CAC20B1FF3832D00E381AB /* MovieCell.swift */; };
		91CAC20E1FF3841000E381AB /* MovieCellData.swift in Sources */ = {isa = PBXBuildFile; fileRef = 91CAC20D1FF3841000E381AB /* MovieCellData.swift */; };
		91EFFB791FF3A22B00133378 /* additions.js in Resources */ = {isa = PBXBuildFile; fileRef = 91456FE91FF36ADA00F4663A /* additions.js */; };
		91EFFBBB1FF3D05B00133378 /* MovieCell.xib in Resources */ = {isa = PBXBuildFile; fileRef = 91EFFBBA1FF3D05B00133378 /* MovieCell.xib */; };
/* End PBXBuildFile section */

/* Begin PBXFileReference section */
		91456FC31FF3593200F4663A /* JavaScriptCoreSwift.app */ = {isa = PBXFileReference; explicitFileType = wrapper.application; includeInIndex = 0; path = JavaScriptCoreSwift.app; sourceTree = BUILT_PRODUCTS_DIR; };
		91456FC61FF3593200F4663A /* AppDelegate.swift */ = {isa = PBXFileReference; lastKnownFileType = sourcecode.swift; path = AppDelegate.swift; sourceTree = "<group>"; };
		91456FC81FF3593200F4663A /* ViewController.swift */ = {isa = PBXFileReference; lastKnownFileType = sourcecode.swift; path = ViewController.swift; sourceTree = "<group>"; };
		91456FCB1FF3593200F4663A /* Base */ = {isa = PBXFileReference; lastKnownFileType = file.storyboard; name = Base; path = Base.lproj/Main.storyboard; sourceTree = "<group>"; };
		91456FCD1FF3593200F4663A /* Assets.xcassets */ = {isa = PBXFileReference; lastKnownFileType = folder.assetcatalog; path = Assets.xcassets; sourceTree = "<group>"; };
		91456FD01FF3593200F4663A /* Base */ = {isa = PBXFileReference; lastKnownFileType = file.storyboard; name = Base; path = Base.lproj/LaunchScreen.storyboard; sourceTree = "<group>"; };
		91456FD21FF3593200F4663A /* Info.plist */ = {isa = PBXFileReference; lastKnownFileType = text.plist.xml; path = Info.plist; sourceTree = "<group>"; };
		91456FDA1FF3629D00F4663A /* MovieService.swift */ = {isa = PBXFileReference; lastKnownFileType = sourcecode.swift; path = MovieService.swift; sourceTree = "<group>"; };
		91456FE61FF3652200F4663A /* Movie.swift */ = {isa = PBXFileReference; lastKnownFileType = sourcecode.swift; path = Movie.swift; sourceTree = "<group>"; };
		91456FE81FF36ADA00F4663A /* common.js */ = {isa = PBXFileReference; lastKnownFileType = sourcecode.javascript; path = common.js; sourceTree = "<group>"; };
		91456FE91FF36ADA00F4663A /* additions.js */ = {isa = PBXFileReference; lastKnownFileType = sourcecode.javascript; path = additions.js; sourceTree = "<group>"; };
		91CAC20B1FF3832D00E381AB /* MovieCell.swift */ = {isa = PBXFileReference; lastKnownFileType = sourcecode.swift; path = MovieCell.swift; sourceTree = "<group>"; };
		91CAC20D1FF3841000E381AB /* MovieCellData.swift */ = {isa = PBXFileReference; lastKnownFileType = sourcecode.swift; path = MovieCellData.swift; sourceTree = "<group>"; };
		91EFFBBA1FF3D05B00133378 /* MovieCell.xib */ = {isa = PBXFileReference; lastKnownFileType = file.xib; path = MovieCell.xib; sourceTree = "<group>"; };
/* End PBXFileReference section */

/* Begin PBXFrameworksBuildPhase section */
		91456FC01FF3593200F4663A /* Frameworks */ = {
			isa = PBXFrameworksBuildPhase;
			buildActionMask = 2147483647;
			files = (
			);
			runOnlyForDeploymentPostprocessing = 0;
		};
/* End PBXFrameworksBuildPhase section */

/* Begin PBXGroup section */
		91456FBA1FF3593200F4663A = {
			isa = PBXGroup;
			children = (
				91456FC51FF3593200F4663A /* JavaScriptCoreSwift */,
				91456FC41FF3593200F4663A /* Products */,
			);
			sourceTree = "<group>";
		};
		91456FC41FF3593200F4663A /* Products */ = {
			isa = PBXGroup;
			children = (
				91456FC31FF3593200F4663A /* JavaScriptCoreSwift.app */,
			);
			name = Products;
			sourceTree = "<group>";
		};
		91456FC51FF3593200F4663A /* JavaScriptCoreSwift */ = {
			isa = PBXGroup;
			children = (
				91456FDE1FF3642E00F4663A /* Classes */,
				91456FD21FF3593200F4663A /* Info.plist */,
				91456FCD1FF3593200F4663A /* Assets.xcassets */,
				91456FC61FF3593200F4663A /* AppDelegate.swift */,
			);
			path = JavaScriptCoreSwift;
			sourceTree = "<group>";
		};
		91456FDE1FF3642E00F4663A /* Classes */ = {
			isa = PBXGroup;
			children = (
				91456FE31FF3649300F4663A /* Data */,
				91456FE51FF3649300F4663A /* Resoutces */,
				91456FE41FF3649300F4663A /* UI */,
				91456FDF1FF3642E00F4663A /* Controller */,
				91456FE01FF3642E00F4663A /* Model */,
				91456FE11FF3642E00F4663A /* View */,
			);
			path = Classes;
			sourceTree = "<group>";
		};
		91456FDF1FF3642E00F4663A /* Controller */ = {
			isa = PBXGroup;
			children = (
				91456FC81FF3593200F4663A /* ViewController.swift */,
			);
			path = Controller;
			sourceTree = "<group>";
		};
		91456FE01FF3642E00F4663A /* Model */ = {
			isa = PBXGroup;
			children = (
				91456FE61FF3652200F4663A /* Movie.swift */,
			);
			path = Model;
			sourceTree = "<group>";
		};
		91456FE11FF3642E00F4663A /* View */ = {
			isa = PBXGroup;
			children = (
				91CAC20B1FF3832D00E381AB /* MovieCell.swift */,
				91EFFBBA1FF3D05B00133378 /* MovieCell.xib */,
			);
			path = View;
			sourceTree = "<group>";
		};
		91456FE31FF3649300F4663A /* Data */ = {
			isa = PBXGroup;
			children = (
				91456FDA1FF3629D00F4663A /* MovieService.swift */,
				91CAC20D1FF3841000E381AB /* MovieCellData.swift */,
			);
			path = Data;
			sourceTree = "<group>";
		};
		91456FE41FF3649300F4663A /* UI */ = {
			isa = PBXGroup;
			children = (
				91456FCF1FF3593200F4663A /* LaunchScreen.storyboard */,
				91456FCA1FF3593200F4663A /* Main.storyboard */,
			);
			path = UI;
			sourceTree = "<group>";
		};
		91456FE51FF3649300F4663A /* Resoutces */ = {
			isa = PBXGroup;
			children = (
				91456FE91FF36ADA00F4663A /* additions.js */,
				91456FE81FF36ADA00F4663A /* common.js */,
			);
			path = Resoutces;
			sourceTree = "<group>";
		};
/* End PBXGroup section */

/* Begin PBXNativeTarget section */
		91456FC21FF3593200F4663A /* JavaScriptCoreSwift */ = {
			isa = PBXNativeTarget;
			buildConfigurationList = 91456FD51FF3593200F4663A /* Build configuration list for PBXNativeTarget "JavaScriptCoreSwift" */;
			buildPhases = (
				91456FBF1FF3593200F4663A /* Sources */,
				91456FC01FF3593200F4663A /* Frameworks */,
				91456FC11FF3593200F4663A /* Resources */,
			);
			buildRules = (
			);
			dependencies = (
			);
			name = JavaScriptCoreSwift;
			productName = JavaScriptCoreSwift;
			productReference = 91456FC31FF3593200F4663A /* JavaScriptCoreSwift.app */;
			productType = "com.apple.product-type.application";
		};
/* End PBXNativeTarget section */

/* Begin PBXProject section */
		91456FBB1FF3593200F4663A /* Project object */ = {
			isa = PBXProject;
			attributes = {
				LastSwiftUpdateCheck = 0900;
				LastUpgradeCheck = 0900;
				ORGANIZATIONNAME = wangliang;
				TargetAttributes = {
					91456FC21FF3593200F4663A = {
						CreatedOnToolsVersion = 9.0;
						ProvisioningStyle = Automatic;
					};
				};
			};
			buildConfigurationList = 91456FBE1FF3593200F4663A /* Build configuration list for PBXProject "JavaScriptCoreSwift" */;
			compatibilityVersion = "Xcode 8.0";
			developmentRegion = en;
			hasScannedForEncodings = 0;
			knownRegions = (
				en,
				Base,
			);
			mainGroup = 91456FBA1FF3593200F4663A;
			productRefGroup = 91456FC41FF3593200F4663A /* Products */;
			projectDirPath = "";
			projectRoot = "";
			targets = (
				91456FC21FF3593200F4663A /* JavaScriptCoreSwift */,
			);
		};
/* End PBXProject section */

/* Begin PBXResourcesBuildPhase section */
		91456FC11FF3593200F4663A /* Resources */ = {
			isa = PBXResourcesBuildPhase;
			buildActionMask = 2147483647;
			files = (
				91EFFBBB1FF3D05B00133378 /* MovieCell.xib in Resources */,
				91EFFB791FF3A22B00133378 /* additions.js in Resources */,
				91456FEA1FF3731500F4663A /* common.js in Resources */,
				91456FD11FF3593200F4663A /* LaunchScreen.storyboard in Resources */,
				91456FCE1FF3593200F4663A /* Assets.xcassets in Resources */,
				91456FCC1FF3593200F4663A /* Main.storyboard in Resources */,
			);
			runOnlyForDeploymentPostprocessing = 0;
		};
/* End PBXResourcesBuildPhase section */

/* Begin PBXSourcesBuildPhase section */
		91456FBF1FF3593200F4663A /* Sources */ = {
			isa = PBXSourcesBuildPhase;
			buildActionMask = 2147483647;
			files = (
				91456FDB1FF3629D00F4663A /* MovieService.swift in Sources */,
				91456FC91FF3593200F4663A /* ViewController.swift in Sources */,
				91456FE71FF3652200F4663A /* Movie.swift in Sources */,
				91CAC20C1FF3832D00E381AB /* MovieCell.swift in Sources */,
				91CAC20E1FF3841000E381AB /* MovieCellData.swift in Sources */,
				91456FC71FF3593200F4663A /* AppDelegate.swift in Sources */,
			);
			runOnlyForDeploymentPostprocessing = 0;
		};
/* End PBXSourcesBuildPhase section */

/* Begin PBXVariantGroup section */
		91456FCA1FF3593200F4663A /* Main.storyboard */ = {
			isa = PBXVariantGroup;
			children = (
				91456FCB1FF3593200F4663A /* Base */,
			);
			name = Main.storyboard;
			sourceTree = "<group>";
		};
		91456FCF1FF3593200F4663A /* LaunchScreen.storyboard */ = {
			isa = PBXVariantGroup;
			children = (
				91456FD01FF3593200F4663A /* Base */,
			);
			name = LaunchScreen.storyboard;
			sourceTree = "<group>";
		};
/* End PBXVariantGroup section */

/* Begin XCBuildConfiguration section */
		91456FD31FF3593200F4663A /* Debug */ = {
			isa = XCBuildConfiguration;
			buildSettings = {
				ALWAYS_SEARCH_USER_PATHS = NO;
				CLANG_ANALYZER_NONNULL = YES;
				CLANG_ANALYZER_NUMBER_OBJECT_CONVERSION = YES_AGGRESSIVE;
				CLANG_CXX_LANGUAGE_STANDARD = "gnu++14";
				CLANG_CXX_LIBRARY = "libc++";
				CLANG_ENABLE_MODULES = YES;
				CLANG_ENABLE_OBJC_ARC = YES;
				CLANG_WARN_BLOCK_CAPTURE_AUTORELEASING = YES;
				CLANG_WARN_BOOL_CONVERSION = YES;
				CLANG_WARN_COMMA = YES;
				CLANG_WARN_CONSTANT_CONVERSION = YES;
				CLANG_WARN_DIRECT_OBJC_ISA_USAGE = YES_ERROR;
				CLANG_WARN_DOCUMENTATION_COMMENTS = YES;
				CLANG_WARN_EMPTY_BODY = YES;
				CLANG_WARN_ENUM_CONVERSION = YES;
				CLANG_WARN_INFINITE_RECURSION = YES;
				CLANG_WARN_INT_CONVERSION = YES;
				CLANG_WARN_NON_LITERAL_NULL_CONVERSION = YES;
				CLANG_WARN_OBJC_LITERAL_CONVERSION = YES;
				CLANG_WARN_OBJC_ROOT_CLASS = YES_ERROR;
				CLANG_WARN_RANGE_LOOP_ANALYSIS = YES;
				CLANG_WARN_STRICT_PROTOTYPES = YES;
				CLANG_WARN_SUSPICIOUS_MOVE = YES;
				CLANG_WARN_UNGUARDED_AVAILABILITY = YES_AGGRESSIVE;
				CLANG_WARN_UNREACHABLE_CODE = YES;
				CLANG_WARN__DUPLICATE_METHOD_MATCH = YES;
				CODE_SIGN_IDENTITY = "iPhone Developer";
				COPY_PHASE_STRIP = NO;
				DEBUG_INFORMATION_FORMAT = dwarf;
				ENABLE_STRICT_OBJC_MSGSEND = YES;
				ENABLE_TESTABILITY = YES;
				GCC_C_LANGUAGE_STANDARD = gnu11;
				GCC_DYNAMIC_NO_PIC = NO;
				GCC_NO_COMMON_BLOCKS = YES;
				GCC_OPTIMIZATION_LEVEL = 0;
				GCC_PREPROCESSOR_DEFINITIONS = (
					"DEBUG=1",
					"$(inherited)",
				);
				GCC_WARN_64_TO_32_BIT_CONVERSION = YES;
				GCC_WARN_ABOUT_RETURN_TYPE = YES_ERROR;
				GCC_WARN_UNDECLARED_SELECTOR = YES;
				GCC_WARN_UNINITIALIZED_AUTOS = YES_AGGRESSIVE;
				GCC_WARN_UNUSED_FUNCTION = YES;
				GCC_WARN_UNUSED_VARIABLE = YES;
				IPHONEOS_DEPLOYMENT_TARGET = 11.0;
				MTL_ENABLE_DEBUG_INFO = YES;
				ONLY_ACTIVE_ARCH = YES;
				SDKROOT = iphoneos;
				SWIFT_ACTIVE_COMPILATION_CONDITIONS = DEBUG;
				SWIFT_OPTIMIZATION_LEVEL = "-Onone";
			};
			name = Debug;
		};
		91456FD41FF3593200F4663A /* Release */ = {
			isa = XCBuildConfiguration;
			buildSettings = {
				ALWAYS_SEARCH_USER_PATHS = NO;
				CLANG_ANALYZER_NONNULL = YES;
				CLANG_ANALYZER_NUMBER_OBJECT_CONVERSION = YES_AGGRESSIVE;
				CLANG_CXX_LANGUAGE_STANDARD = "gnu++14";
				CLANG_CXX_LIBRARY = "libc++";
				CLANG_ENABLE_MODULES = YES;
				CLANG_ENABLE_OBJC_ARC = YES;
				CLANG_WARN_BLOCK_CAPTURE_AUTORELEASING = YES;
				CLANG_WARN_BOOL_CONVERSION = YES;
				CLANG_WARN_COMMA = YES;
				CLANG_WARN_CONSTANT_CONVERSION = YES;
				CLANG_WARN_DIRECT_OBJC_ISA_USAGE = YES_ERROR;
				CLANG_WARN_DOCUMENTATION_COMMENTS = YES;
				CLANG_WARN_EMPTY_BODY = YES;
				CLANG_WARN_ENUM_CONVERSION = YES;
				CLANG_WARN_INFINITE_RECURSION = YES;
				CLANG_WARN_INT_CONVERSION = YES;
				CLANG_WARN_NON_LITERAL_NULL_CONVERSION = YES;
				CLANG_WARN_OBJC_LITERAL_CONVERSION = YES;
				CLANG_WARN_OBJC_ROOT_CLASS = YES_ERROR;
				CLANG_WARN_RANGE_LOOP_ANALYSIS = YES;
				CLANG_WARN_STRICT_PROTOTYPES = YES;
				CLANG_WARN_SUSPICIOUS_MOVE = YES;
				CLANG_WARN_UNGUARDED_AVAILABILITY = YES_AGGRESSIVE;
				CLANG_WARN_UNREACHABLE_CODE = YES;
				CLANG_WARN__DUPLICATE_METHOD_MATCH = YES;
				CODE_SIGN_IDENTITY = "iPhone Developer";
				COPY_PHASE_STRIP = NO;
				DEBUG_INFORMATION_FORMAT = "dwarf-with-dsym";
				ENABLE_NS_ASSERTIONS = NO;
				ENABLE_STRICT_OBJC_MSGSEND = YES;
				GCC_C_LANGUAGE_STANDARD = gnu11;
				GCC_NO_COMMON_BLOCKS = YES;
				GCC_WARN_64_TO_32_BIT_CONVERSION = YES;
				GCC_WARN_ABOUT_RETURN_TYPE = YES_ERROR;
				GCC_WARN_UNDECLARED_SELECTOR = YES;
				GCC_WARN_UNINITIALIZED_AUTOS = YES_AGGRESSIVE;
				GCC_WARN_UNUSED_FUNCTION = YES;
				GCC_WARN_UNUSED_VARIABLE = YES;
				IPHONEOS_DEPLOYMENT_TARGET = 11.0;
				MTL_ENABLE_DEBUG_INFO = NO;
				SDKROOT = iphoneos;
				SWIFT_OPTIMIZATION_LEVEL = "-Owholemodule";
				VALIDATE_PRODUCT = YES;
			};
			name = Release;
		};
		91456FD61FF3593200F4663A /* Debug */ = {
			isa = XCBuildConfiguration;
			buildSettings = {
				ASSETCATALOG_COMPILER_APPICON_NAME = AppIcon;
				CODE_SIGN_STYLE = Automatic;
				DEVELOPMENT_TEAM = C8NTG5JSM4;
				INFOPLIST_FILE = JavaScriptCoreSwift/Info.plist;
				LD_RUNPATH_SEARCH_PATHS = "$(inherited) @executable_path/Frameworks";
				PRODUCT_BUNDLE_IDENTIFIER = com.apple.JavaScriptCoreSwift;
				PRODUCT_NAME = "$(TARGET_NAME)";
				SWIFT_VERSION = 4.0;
				TARGETED_DEVICE_FAMILY = "1,2";
			};
			name = Debug;
		};
		91456FD71FF3593200F4663A /* Release */ = {
			isa = XCBuildConfiguration;
			buildSettings = {
				ASSETCATALOG_COMPILER_APPICON_NAME = AppIcon;
				CODE_SIGN_STYLE = Automatic;
				DEVELOPMENT_TEAM = C8NTG5JSM4;
				INFOPLIST_FILE = JavaScriptCoreSwift/Info.plist;
				LD_RUNPATH_SEARCH_PATHS = "$(inherited) @executable_path/Frameworks";
				PRODUCT_BUNDLE_IDENTIFIER = com.apple.JavaScriptCoreSwift;
				PRODUCT_NAME = "$(TARGET_NAME)";
				SWIFT_VERSION = 4.0;
				TARGETED_DEVICE_FAMILY = "1,2";
			};
			name = Release;
		};
/* End XCBuildConfiguration section */

/* Begin XCConfigurationList section */
		91456FBE1FF3593200F4663A /* Build configuration list for PBXProject "JavaScriptCoreSwift" */ = {
			isa = XCConfigurationList;
			buildConfigurations = (
				91456FD31FF3593200F4663A /* Debug */,
				91456FD41FF3593200F4663A /* Release */,
			);
			defaultConfigurationIsVisible = 0;
			defaultConfigurationName = Release;
		};
		91456FD51FF3593200F4663A /* Build configuration list for PBXNativeTarget "JavaScriptCoreSwift" */ = {
			isa = XCConfigurationList;
			buildConfigurations = (
				91456FD61FF3593200F4663A /* Debug */,
				91456FD71FF3593200F4663A /* Release */,
			);
			defaultConfigurationIsVisible = 0;
			defaultConfigurationName = Release;
		};
/* End XCConfigurationList section */
	};
	rootObject = 91456FBB1FF3593200F4663A /* Project object */;
}
